# This file is autogenerated, do not edit; changes may be undone by the next 'dep ensure'.


[[projects]]
  digest = "1:768af2f4b3ddc12fb616474e47970bfbf6f49c0d43b8d0bb38d990c90948baf9"
  name = "github.com/inconshreveable/log15"
  packages = ["."]
  pruneopts = "UT"
  revision = "301391f3385d3cd1a8f731cc148db489585a8aaf"
  version = "v2.5"

[[projects]]
  digest = "1:73d63cc2902407dcbafb2852b41f460b32b12ad18a92baeeba0f3f1c5b7b02c9"
  name = "gopkg.in/inconshreveable/log15.v2"
  packages = [
    "stack",
    "term",
  ]
  pruneopts = "UT"
  revision = "b105bd37f74e5d9dc7b6ad7806715c7a2b83fd3f"
  version = "v2.11"

[solve-meta]
  analyzer-name = "dep"
  analyzer-version = 1
  input-imports = ["github.com/inconshreveable/log15"]
  solver-name = "gps-cdcl"
  solver-version = 1
